
Microsoft Visual Studio Solution File, Format Version 12.00
# Visual Studio 15
VisualStudioVersion = 15.0.28010.2048
MinimumVisualStudioVersion = 10.0.40219.1
Project("{FAE04EC0-301F-11D3-BF4B-00C04F79EFBC}") = "Triangulator", "Triangulator\Triangulator.csproj", "{218CACDC-D68A-4581-BD64-D5F258622F99}"
EndProject
Project("{FAE04EC0-301F-11D3-BF4B-00C04F79EFBC}") = "CGLib", "CGLib\CGLib.csproj", "{AA7C4DC5-AF9A-4583-A39F-60B6906D9BD9}"
EndProject
Global
	GlobalSection(SolutionConfigurationPlatforms) = preSolution
		Debug|Any CPU = Debug|Any CPU
		Release|Any CPU = Release|Any CPU
	EndGlobalSection
	GlobalSection(ProjectConfigurationPlatforms) = postSolution
		{218CACDC-D68A-4581-BD64-D5F258622F99}.Debug|Any CPU.ActiveCfg = Debug|Any CPU
		{218CACDC-D68A-4581-BD64-D5F258622F99}.Debug|Any CPU.Build.0 = Debug|Any CPU
		{218CACDC-D68A-4581-BD64-D5F258622F99}.Release|Any CPU.ActiveCfg = Release|Any CPU
		{218CACDC-D68A-4581-BD64-D5F258622F99}.Release|Any CPU.Build.0 = Release|Any CPU
		{AA7C4DC5-AF9A-4583-A39F-60B6906D9BD9}.Debug|Any CPU.ActiveCfg = Debug|Any CPU
		{AA7C4DC5-AF9A-4583-A39F-60B6906D9BD9}.Debug|Any CPU.Build.0 = Debug|Any CPU
		{AA7C4DC5-AF9A-4583-A39F-60B6906D9BD9}.Release|Any CPU.ActiveCfg = Release|Any CPU
		{AA7C4DC5-AF9A-4583-A39F-60B6906D9BD9}.Release|Any CPU.Build.0 = Release|Any CPU
	EndGlobalSection
	GlobalSection(SolutionProperties) = preSolution
		HideSolutionNode = FALSE
	EndGlobalSection
	GlobalSection(ExtensibilityGlobals) = postSolution
		SolutionGuid = {8FC697A8-1E62-4FAF-8932-116F215150B0}
	EndGlobalSection
EndGlobal
